
Microsoft Visual Studio Solution File, Format Version 12.00
# Visual Studio Version 16
VisualStudioVersion = 16.0.30413.136
MinimumVisualStudioVersion = 10.0.40219.1
Project("{FAE04EC0-301F-11D3-BF4B-00C04F79EFBC}") = "PSTime", "PSTime\PSTime.csproj", "{34626ECE-807F-49DC-80B9-646AB4810DD6}"
EndProject
Global
	GlobalSection(SolutionConfigurationPlatforms) = preSolution
		Debug|Any CPU = Debug|Any CPU
		Release|Any CPU = Release|Any CPU
	EndGlobalSection
	GlobalSection(ProjectConfigurationPlatforms) = postSolution
		{34626ECE-807F-49DC-80B9-646AB4810DD6}.Debug|Any CPU.ActiveCfg = Debug|Any CPU
		{34626ECE-807F-49DC-80B9-646AB4810DD6}.Debug|Any CPU.Build.0 = Debug|Any CPU
		{34626ECE-807F-49DC-80B9-646AB4810DD6}.Release|Any CPU.ActiveCfg = Release|Any CPU
		{34626ECE-807F-49DC-80B9-646AB4810DD6}.Release|Any CPU.Build.0 = Release|Any CPU
	EndGlobalSection
	GlobalSection(SolutionProperties) = preSolution
		HideSolutionNode = FALSE
	EndGlobalSection
	GlobalSection(ExtensibilityGlobals) = postSolution
		SolutionGuid = {5BDD635E-F610-4F04-AA29-2C81E6125971}
	EndGlobalSection
EndGlobal
